
Microsoft Visual Studio Solution File, Format Version 12.00
# Visual Studio Version 16
VisualStudioVersion = 16.0.31624.102
MinimumVisualStudioVersion = 10.0.40219.1
Project("{FAE04EC0-301F-11D3-BF4B-00C04F79EFBC}") = "Roommates", "Roommates\Roommates.csproj", "{E295C6B7-E5D0-41FA-8F32-9FBC64C27B62}"
EndProject
Global
	GlobalSection(SolutionConfigurationPlatforms) = preSolution
		Debug|Any CPU = Debug|Any CPU
		Release|Any CPU = Release|Any CPU
	EndGlobalSection
	GlobalSection(ProjectConfigurationPlatforms) = postSolution
		{E295C6B7-E5D0-41FA-8F32-9FBC64C27B62}.Debug|Any CPU.ActiveCfg = Debug|Any CPU
		{E295C6B7-E5D0-41FA-8F32-9FBC64C27B62}.Debug|Any CPU.Build.0 = Debug|Any CPU
		{E295C6B7-E5D0-41FA-8F32-9FBC64C27B62}.Release|Any CPU.ActiveCfg = Release|Any CPU
		{E295C6B7-E5D0-41FA-8F32-9FBC64C27B62}.Release|Any CPU.Build.0 = Release|Any CPU
	EndGlobalSection
	GlobalSection(SolutionProperties) = preSolution
		HideSolutionNode = FALSE
	EndGlobalSection
	GlobalSection(ExtensibilityGlobals) = postSolution
		SolutionGuid = {AA0BB737-2F04-4A60-850F-3BEFF2F8FBCA}
	EndGlobalSection
EndGlobal
